
Microsoft Visual Studio Solution File, Format Version 12.00
Project("{FAE04EC0-301F-11D3-BF4B-00C04F79EFBC}") = "AdventureWorks.GRPC", "AdventureWorks.GRPC\AdventureWorks.GRPC.csproj", "{5E4489C3-D451-4AEA-9633-2D6D3D81B2D3}"
EndProject
Project("{FAE04EC0-301F-11D3-BF4B-00C04F79EFBC}") = "AdventureWorks.GRPC.Client.Console", "AdventureWorks.GRPC.Client.Console\AdventureWorks.GRPC.Client.Console.csproj", "{418CD954-8CEE-4D4D-BD7F-9CE434311E9C}"
EndProject
Project("{FAE04EC0-301F-11D3-BF4B-00C04F79EFBC}") = "AdventureWorks.GRPC.Domain", "AdventureWorks.GRPC.Domain\AdventureWorks.GRPC.Domain.csproj", "{8B4C5935-8925-4468-8CE0-4B5B45B049A3}"
EndProject
Global
	GlobalSection(SolutionConfigurationPlatforms) = preSolution
		Debug|Any CPU = Debug|Any CPU
		Release|Any CPU = Release|Any CPU
	EndGlobalSection
	GlobalSection(ProjectConfigurationPlatforms) = postSolution
		{5E4489C3-D451-4AEA-9633-2D6D3D81B2D3}.Debug|Any CPU.ActiveCfg = Debug|Any CPU
		{5E4489C3-D451-4AEA-9633-2D6D3D81B2D3}.Debug|Any CPU.Build.0 = Debug|Any CPU
		{5E4489C3-D451-4AEA-9633-2D6D3D81B2D3}.Release|Any CPU.ActiveCfg = Release|Any CPU
		{5E4489C3-D451-4AEA-9633-2D6D3D81B2D3}.Release|Any CPU.Build.0 = Release|Any CPU
		{418CD954-8CEE-4D4D-BD7F-9CE434311E9C}.Debug|Any CPU.ActiveCfg = Debug|Any CPU
		{418CD954-8CEE-4D4D-BD7F-9CE434311E9C}.Debug|Any CPU.Build.0 = Debug|Any CPU
		{418CD954-8CEE-4D4D-BD7F-9CE434311E9C}.Release|Any CPU.ActiveCfg = Release|Any CPU
		{418CD954-8CEE-4D4D-BD7F-9CE434311E9C}.Release|Any CPU.Build.0 = Release|Any CPU
		{8B4C5935-8925-4468-8CE0-4B5B45B049A3}.Debug|Any CPU.ActiveCfg = Debug|Any CPU
		{8B4C5935-8925-4468-8CE0-4B5B45B049A3}.Debug|Any CPU.Build.0 = Debug|Any CPU
		{8B4C5935-8925-4468-8CE0-4B5B45B049A3}.Release|Any CPU.ActiveCfg = Release|Any CPU
		{8B4C5935-8925-4468-8CE0-4B5B45B049A3}.Release|Any CPU.Build.0 = Release|Any CPU
	EndGlobalSection
EndGlobal
